{
  "object": {
    "pins": [
      {
        "package": "Alamofire",
        "repositoryURL": "https://github.com/Alamofire/Alamofire.git",
        "state": {
          "branch": null,
          "revision": "78424be314842833c04bc3bef5b72e85fff99204",
          "version": "5.6.4"
        }
      },
      {
        "package": "CollectionAndTableViewUpdateConveniences",
        "repositoryURL": "https://github.com/happn-app/CollectionAndTableViewUpdateConveniences",
        "state": {
          "branch": null,
          "revision": "1b857d8fb5e260f504f89c02c635ba7ad2f60f50",
          "version": "1.0.3"
        }
      },
      {
        "package": "BMO",
        "repositoryURL": "https://github.com/Frizlab/BMO.git",
        "state": {
          "branch": "dev.bmo2",
          "revision": "ec34dd29ee40d16b1c834bf06236bc73b26db243",
          "version": null
        }
      },
      {
        "package": "CollectionLoader",
        "repositoryURL": "https://github.com/Frizlab/CollectionLoader.git",
        "state": {
          "branch": "dev.bmo2",
          "revision": "dcb88846c2c4cb8243abb0f8e540a3e052a3ae8b",
          "version": null
        }
      },
      {
        "package": "GenericJSON",
        "repositoryURL": "https://github.com/iwill/generic-json-swift.git",
        "state": {
          "branch": null,
          "revision": "0a06575f4038b504e78ac330913d920f1630f510",
          "version": "2.0.2"
        }
      },
      {
        "package": "KVObserver",
        "repositoryURL": "https://github.com/happn-app/KVObserver.git",
        "state": {
          "branch": null,
          "revision": "6b6252489a2b1cdb67857576962676b6cb6c679a",
          "version": "0.9.5"
        }
      },
      {
        "package": "LinkHeaderParser",
        "repositoryURL": "https://github.com/Frizlab/LinkHeaderParser.git",
        "state": {
          "branch": "main",
          "revision": "04735ae9bb116a8cb9eed870f989c09df93993fe",
          "version": null
        }
      },
      {
        "package": "RetryingOperation",
        "repositoryURL": "https://github.com/happn-app/RetryingOperation.git",
        "state": {
          "branch": null,
          "revision": "4d69ec3aa4cb5d33e973fcfe01378a1d49e351f2",
          "version": "1.1.7"
        }
      },
      {
        "package": "swift-log",
        "repositoryURL": "https://github.com/apple/swift-log.git",
        "state": {
          "branch": null,
          "revision": "5d66f7ba25daf4f94100e7022febf3c75e37a6c7",
          "version": "1.4.2"
        }
      },
      {
        "package": "UnwrapOrThrow",
        "repositoryURL": "https://github.com/Frizlab/UnwrapOrThrow.git",
        "state": {
          "branch": null,
          "revision": "f35da77c8d86987e29fd8b77f78115ce7a144a0c",
          "version": "1.0.0"
        }
      }
    ]
  },
  "version": 1
}
