{
  "object": {
    "pins": [
      {
        "package": "Alamofire",
        "repositoryURL": "https://github.com/Alamofire/Alamofire.git",
        "state": {
          "branch": null,
          "revision": "bc268c28fb170f494de9e9927c371b8342979ece",
          "version": "5.7.1"
        }
      },
      {
        "package": "BMO",
        "repositoryURL": "https://github.com/Frizlab/BMO.git",
        "state": {
          "branch": "develop",
          "revision": "4c3e3854fb3ffb71e404dbc64ab2a2863a2c2af0",
          "version": null
        }
      },
      {
        "package": "CollectionAndTableViewUpdateConveniences",
        "repositoryURL": "https://github.com/happn-app/CollectionAndTableViewUpdateConveniences",
        "state": {
          "branch": null,
          "revision": "1b857d8fb5e260f504f89c02c635ba7ad2f60f50",
          "version": "1.0.3"
        }
      },
      {
        "package": "CollectionLoader",
        "repositoryURL": "https://github.com/Frizlab/CollectionLoader.git",
        "state": {
          "branch": "develop",
          "revision": "9ebe700a1c6f253c9ce07222ca156ea9785ea591",
          "version": null
        }
      },
      {
        "package": "GenericJSON",
        "repositoryURL": "https://github.com/iwill/generic-json-swift.git",
        "state": {
          "branch": null,
          "revision": "0a06575f4038b504e78ac330913d920f1630f510",
          "version": "2.0.2"
        }
      },
      {
        "package": "KVObserver",
        "repositoryURL": "https://github.com/happn-app/KVObserver.git",
        "state": {
          "branch": null,
          "revision": "6b6252489a2b1cdb67857576962676b6cb6c679a",
          "version": "0.9.5"
        }
      },
      {
        "package": "LinkHeaderParser",
        "repositoryURL": "https://github.com/Frizlab/LinkHeaderParser.git",
        "state": {
          "branch": "main",
          "revision": "1c58f73654b70ed1582cdbaca4e39e7256cc6254",
          "version": null
        }
      },
      {
        "package": "RetryingOperation",
        "repositoryURL": "https://github.com/happn-app/RetryingOperation.git",
        "state": {
          "branch": null,
          "revision": "c64f98966916fc184f7575dd97e2eba9962a3d33",
          "version": "1.1.8"
        }
      },
      {
        "package": "swift-log",
        "repositoryURL": "https://github.com/apple/swift-log.git",
        "state": {
          "branch": null,
          "revision": "32e8d724467f8fe623624570367e3d50c5638e46",
          "version": "1.5.2"
        }
      },
      {
        "package": "UnwrapOrThrow",
        "repositoryURL": "https://github.com/Frizlab/UnwrapOrThrow.git",
        "state": {
          "branch": null,
          "revision": "f35da77c8d86987e29fd8b77f78115ce7a144a0c",
          "version": "1.0.0"
        }
      }
    ]
  },
  "version": 1
}
